
Microsoft Visual Studio Solution File, Format Version 12.00
# Visual Studio Version 16
VisualStudioVersion = 16.0.31702.278
MinimumVisualStudioVersion = 10.0.40219.1
Project("{FAE04EC0-301F-11D3-BF4B-00C04F79EFBC}") = "WpfApp7", "WpfApp7\WpfApp7.csproj", "{017104E7-2A64-471D-BDE0-02F8F550E498}"
EndProject
Global
	GlobalSection(SolutionConfigurationPlatforms) = preSolution
		Debug|Any CPU = Debug|Any CPU
		Release|Any CPU = Release|Any CPU
	EndGlobalSection
	GlobalSection(ProjectConfigurationPlatforms) = postSolution
		{017104E7-2A64-471D-BDE0-02F8F550E498}.Debug|Any CPU.ActiveCfg = Debug|Any CPU
		{017104E7-2A64-471D-BDE0-02F8F550E498}.Debug|Any CPU.Build.0 = Debug|Any CPU
		{017104E7-2A64-471D-BDE0-02F8F550E498}.Release|Any CPU.ActiveCfg = Release|Any CPU
		{017104E7-2A64-471D-BDE0-02F8F550E498}.Release|Any CPU.Build.0 = Release|Any CPU
	EndGlobalSection
	GlobalSection(SolutionProperties) = preSolution
		HideSolutionNode = FALSE
	EndGlobalSection
	GlobalSection(ExtensibilityGlobals) = postSolution
		SolutionGuid = {A68A3C4C-8290-414F-AD2B-C9AD5A44ACC6}
	EndGlobalSection
EndGlobal
